// !$*UTF8*$!
{
	archiveVersion = 1;
	classes = {
	};
	objectVersion = 50;
	objects = {

/* Begin PBXBuildFile section */
		BF53C813221256EE00804A88 /* PageControllerViewController.m in Sources */ = {isa = PBXBuildFile; fileRef = BF53C812221256EE00804A88 /* PageControllerViewController.m */; };
		BF53C8172212588200804A88 /* PageContorlController.m in Sources */ = {isa = PBXBuildFile; fileRef = BF53C8162212588200804A88 /* PageContorlController.m */; };
		BF53C824221259B100804A88 /* PageFirstViewController.m in Sources */ = {isa = PBXBuildFile; fileRef = BF53C823221259B100804A88 /* PageFirstViewController.m */; };
		BF53C82A221259F700804A88 /* PageSecondViewController.m in Sources */ = {isa = PBXBuildFile; fileRef = BF53C829221259F700804A88 /* PageSecondViewController.m */; };
		BF53C82D22125A4400804A88 /* PageThirdViewController.m in Sources */ = {isa = PBXBuildFile; fileRef = BF53C82C22125A4400804A88 /* PageThirdViewController.m */; };
		BF53C8352212671D00804A88 /* ZWMSegmentController.m in Sources */ = {isa = PBXBuildFile; fileRef = BF53C8322212671D00804A88 /* ZWMSegmentController.m */; };
		BF53C8362212671D00804A88 /* ZWMSegmentView.m in Sources */ = {isa = PBXBuildFile; fileRef = BF53C8332212671D00804A88 /* ZWMSegmentView.m */; };
		BF53C8372212671D00804A88 /* UIView+ZWMBadge.m in Sources */ = {isa = PBXBuildFile; fileRef = BF53C8342212671D00804A88 /* UIView+ZWMBadge.m */; };
		BFBE00D821F021DE00927A1E /* AppDelegate.m in Sources */ = {isa = PBXBuildFile; fileRef = BFBE00D721F021DE00927A1E /* AppDelegate.m */; };
		BFBE00DB21F021DE00927A1E /* ViewController.m in Sources */ = {isa = PBXBuildFile; fileRef = BFBE00DA21F021DE00927A1E /* ViewController.m */; };
		BFBE00DE21F021DE00927A1E /* Main.storyboard in Resources */ = {isa = PBXBuildFile; fileRef = BFBE00DC21F021DE00927A1E /* Main.storyboard */; };
		BFBE00E021F021E000927A1E /* Assets.xcassets in Resources */ = {isa = PBXBuildFile; fileRef = BFBE00DF21F021E000927A1E /* Assets.xcassets */; };
		BFBE00E321F021E000927A1E /* LaunchScreen.storyboard in Resources */ = {isa = PBXBuildFile; fileRef = BFBE00E121F021E000927A1E /* LaunchScreen.storyboard */; };
		BFBE00E621F021E000927A1E /* main.m in Sources */ = {isa = PBXBuildFile; fileRef = BFBE00E521F021E000927A1E /* main.m */; };
		BFBE00F021F021E100927A1E /* demoTests.m in Sources */ = {isa = PBXBuildFile; fileRef = BFBE00EF21F021E100927A1E /* demoTests.m */; };
		BFBE00FB21F021E100927A1E /* demoUITests.m in Sources */ = {isa = PBXBuildFile; fileRef = BFBE00FA21F021E100927A1E /* demoUITests.m */; };
		BFBE014A21F0636200927A1E /* TimeSelecterController.m in Sources */ = {isa = PBXBuildFile; fileRef = BFBE014921F0636200927A1E /* TimeSelecterController.m */; };
		BFBE014D21F0644800927A1E /* PickerViewController.m in Sources */ = {isa = PBXBuildFile; fileRef = BFBE014C21F0644800927A1E /* PickerViewController.m */; };
/* End PBXBuildFile section */

/* Begin PBXContainerItemProxy section */
		BFBE00EC21F021E100927A1E /* PBXContainerItemProxy */ = {
			isa = PBXContainerItemProxy;
			containerPortal = BFBE00CB21F021DE00927A1E /* Project object */;
			proxyType = 1;
			remoteGlobalIDString = BFBE00D221F021DE00927A1E;
			remoteInfo = demo;
		};
		BFBE00F721F021E100927A1E /* PBXContainerItemProxy */ = {
			isa = PBXContainerItemProxy;
			containerPortal = BFBE00CB21F021DE00927A1E /* Project object */;
			proxyType = 1;
			remoteGlobalIDString = BFBE00D221F021DE00927A1E;
			remoteInfo = demo;
		};
/* End PBXContainerItemProxy section */

/* Begin PBXFileReference section */
		BF53C811221256EE00804A88 /* PageControllerViewController.h */ = {isa = PBXFileReference; lastKnownFileType = sourcecode.c.h; path = PageControllerViewController.h; sourceTree = "<group>"; };
		BF53C812221256EE00804A88 /* PageControllerViewController.m */ = {isa = PBXFileReference; lastKnownFileType = sourcecode.c.objc; path = PageControllerViewController.m; sourceTree = "<group>"; };
		BF53C8152212588200804A88 /* PageContorlController.h */ = {isa = PBXFileReference; lastKnownFileType = sourcecode.c.h; path = PageContorlController.h; sourceTree = "<group>"; };
		BF53C8162212588200804A88 /* PageContorlController.m */ = {isa = PBXFileReference; lastKnownFileType = sourcecode.c.objc; path = PageContorlController.m; sourceTree = "<group>"; };
		BF53C822221259B100804A88 /* PageFirstViewController.h */ = {isa = PBXFileReference; lastKnownFileType = sourcecode.c.h; path = PageFirstViewController.h; sourceTree = "<group>"; };
		BF53C823221259B100804A88 /* PageFirstViewController.m */ = {isa = PBXFileReference; lastKnownFileType = sourcecode.c.objc; path = PageFirstViewController.m; sourceTree = "<group>"; };
		BF53C828221259F700804A88 /* PageSecondViewController.h */ = {isa = PBXFileReference; lastKnownFileType = sourcecode.c.h; path = PageSecondViewController.h; sourceTree = "<group>"; };
		BF53C829221259F700804A88 /* PageSecondViewController.m */ = {isa = PBXFileReference; lastKnownFileType = sourcecode.c.objc; path = PageSecondViewController.m; sourceTree = "<group>"; };
		BF53C82B22125A4400804A88 /* PageThirdViewController.h */ = {isa = PBXFileReference; lastKnownFileType = sourcecode.c.h; path = PageThirdViewController.h; sourceTree = "<group>"; };
		BF53C82C22125A4400804A88 /* PageThirdViewController.m */ = {isa = PBXFileReference; lastKnownFileType = sourcecode.c.objc; path = PageThirdViewController.m; sourceTree = "<group>"; };
		BF53C82F2212671D00804A88 /* ZWMSegmentView.h */ = {isa = PBXFileReference; fileEncoding = 4; lastKnownFileType = sourcecode.c.h; path = ZWMSegmentView.h; sourceTree = "<group>"; };
		BF53C8302212671D00804A88 /* ZWMSegmentController.h */ = {isa = PBXFileReference; fileEncoding = 4; lastKnownFileType = sourcecode.c.h; path = ZWMSegmentController.h; sourceTree = "<group>"; };
		BF53C8312212671D00804A88 /* UIView+ZWMBadge.h */ = {isa = PBXFileReference; fileEncoding = 4; lastKnownFileType = sourcecode.c.h; path = "UIView+ZWMBadge.h"; sourceTree = "<group>"; };
		BF53C8322212671D00804A88 /* ZWMSegmentController.m */ = {isa = PBXFileReference; fileEncoding = 4; lastKnownFileType = sourcecode.c.objc; path = ZWMSegmentController.m; sourceTree = "<group>"; };
		BF53C8332212671D00804A88 /* ZWMSegmentView.m */ = {isa = PBXFileReference; fileEncoding = 4; lastKnownFileType = sourcecode.c.objc; path = ZWMSegmentView.m; sourceTree = "<group>"; };
		BF53C8342212671D00804A88 /* UIView+ZWMBadge.m */ = {isa = PBXFileReference; fileEncoding = 4; lastKnownFileType = sourcecode.c.objc; path = "UIView+ZWMBadge.m"; sourceTree = "<group>"; };
		BFBE00D321F021DE00927A1E /* demo.app */ = {isa = PBXFileReference; explicitFileType = wrapper.application; includeInIndex = 0; path = demo.app; sourceTree = BUILT_PRODUCTS_DIR; };
		BFBE00D621F021DE00927A1E /* AppDelegate.h */ = {isa = PBXFileReference; lastKnownFileType = sourcecode.c.h; path = AppDelegate.h; sourceTree = "<group>"; };
		BFBE00D721F021DE00927A1E /* AppDelegate.m */ = {isa = PBXFileReference; lastKnownFileType = sourcecode.c.objc; path = AppDelegate.m; sourceTree = "<group>"; };
		BFBE00D921F021DE00927A1E /* ViewController.h */ = {isa = PBXFileReference; lastKnownFileType = sourcecode.c.h; path = ViewController.h; sourceTree = "<group>"; };
		BFBE00DA21F021DE00927A1E /* ViewController.m */ = {isa = PBXFileReference; lastKnownFileType = sourcecode.c.objc; path = ViewController.m; sourceTree = "<group>"; };
		BFBE00DD21F021DE00927A1E /* Base */ = {isa = PBXFileReference; lastKnownFileType = file.storyboard; name = Base; path = Base.lproj/Main.storyboard; sourceTree = "<group>"; };
		BFBE00DF21F021E000927A1E /* Assets.xcassets */ = {isa = PBXFileReference; lastKnownFileType = folder.assetcatalog; path = Assets.xcassets; sourceTree = "<group>"; };
		BFBE00E221F021E000927A1E /* Base */ = {isa = PBXFileReference; lastKnownFileType = file.storyboard; name = Base; path = Base.lproj/LaunchScreen.storyboard; sourceTree = "<group>"; };
		BFBE00E421F021E000927A1E /* Info.plist */ = {isa = PBXFileReference; lastKnownFileType = text.plist.xml; path = Info.plist; sourceTree = "<group>"; };
		BFBE00E521F021E000927A1E /* main.m */ = {isa = PBXFileReference; lastKnownFileType = sourcecode.c.objc; path = main.m; sourceTree = "<group>"; };
		BFBE00EB21F021E100927A1E /* demoTests.xctest */ = {isa = PBXFileReference; explicitFileType = wrapper.cfbundle; includeInIndex = 0; path = demoTests.xctest; sourceTree = BUILT_PRODUCTS_DIR; };
		BFBE00EF21F021E100927A1E /* demoTests.m */ = {isa = PBXFileReference; lastKnownFileType = sourcecode.c.objc; path = demoTests.m; sourceTree = "<group>"; };
		BFBE00F121F021E100927A1E /* Info.plist */ = {isa = PBXFileReference; lastKnownFileType = text.plist.xml; path = Info.plist; sourceTree = "<group>"; };
		BFBE00F621F021E100927A1E /* demoUITests.xctest */ = {isa = PBXFileReference; explicitFileType = wrapper.cfbundle; includeInIndex = 0; path = demoUITests.xctest; sourceTree = BUILT_PRODUCTS_DIR; };
		BFBE00FA21F021E100927A1E /* demoUITests.m */ = {isa = PBXFileReference; lastKnownFileType = sourcecode.c.objc; path = demoUITests.m; sourceTree = "<group>"; };
		BFBE00FC21F021E100927A1E /* Info.plist */ = {isa = PBXFileReference; lastKnownFileType = text.plist.xml; path = Info.plist; sourceTree = "<group>"; };
		BFBE014821F0636200927A1E /* TimeSelecterController.h */ = {isa = PBXFileReference; lastKnownFileType = sourcecode.c.h; path = TimeSelecterController.h; sourceTree = "<group>"; };
		BFBE014921F0636200927A1E /* TimeSelecterController.m */ = {isa = PBXFileReference; lastKnownFileType = sourcecode.c.objc; path = TimeSelecterController.m; sourceTree = "<group>"; };
		BFBE014B21F0644800927A1E /* PickerViewController.h */ = {isa = PBXFileReference; lastKnownFileType = sourcecode.c.h; path = PickerViewController.h; sourceTree = "<group>"; };
		BFBE014C21F0644800927A1E /* PickerViewController.m */ = {isa = PBXFileReference; lastKnownFileType = sourcecode.c.objc; path = PickerViewController.m; sourceTree = "<group>"; };
/* End PBXFileReference section */

/* Begin PBXFrameworksBuildPhase section */
		BFBE00D021F021DE00927A1E /* Frameworks */ = {
			isa = PBXFrameworksBuildPhase;
			buildActionMask = 2147483647;
			files = (
			);
			runOnlyForDeploymentPostprocessing = 0;
		};
		BFBE00E821F021E100927A1E /* Frameworks */ = {
			isa = PBXFrameworksBuildPhase;
			buildActionMask = 2147483647;
			files = (
			);
			runOnlyForDeploymentPostprocessing = 0;
		};
		BFBE00F321F021E100927A1E /* Frameworks */ = {
			isa = PBXFrameworksBuildPhase;
			buildActionMask = 2147483647;
			files = (
			);
			runOnlyForDeploymentPostprocessing = 0;
		};
/* End PBXFrameworksBuildPhase section */

/* Begin PBXGroup section */
		BF53C810221255EF00804A88 /* PageController */ = {
			isa = PBXGroup;
			children = (
				BF53C8142212585100804A88 /* pageControl */,
				BF53C811221256EE00804A88 /* PageControllerViewController.h */,
				BF53C812221256EE00804A88 /* PageControllerViewController.m */,
			);
			path = PageController;
			sourceTree = "<group>";
		};
		BF53C8142212585100804A88 /* pageControl */ = {
			isa = PBXGroup;
			children = (
				BF53C82E2212671D00804A88 /* ZWMSegment */,
				BF53C8152212588200804A88 /* PageContorlController.h */,
				BF53C8162212588200804A88 /* PageContorlController.m */,
				BF53C822221259B100804A88 /* PageFirstViewController.h */,
				BF53C823221259B100804A88 /* PageFirstViewController.m */,
				BF53C828221259F700804A88 /* PageSecondViewController.h */,
				BF53C829221259F700804A88 /* PageSecondViewController.m */,
				BF53C82B22125A4400804A88 /* PageThirdViewController.h */,
				BF53C82C22125A4400804A88 /* PageThirdViewController.m */,
			);
			path = pageControl;
			sourceTree = "<group>";
		};
		BF53C82E2212671D00804A88 /* ZWMSegment */ = {
			isa = PBXGroup;
			children = (
				BF53C8302212671D00804A88 /* ZWMSegmentController.h */,
				BF53C8322212671D00804A88 /* ZWMSegmentController.m */,
				BF53C82F2212671D00804A88 /* ZWMSegmentView.h */,
				BF53C8332212671D00804A88 /* ZWMSegmentView.m */,
				BF53C8312212671D00804A88 /* UIView+ZWMBadge.h */,
				BF53C8342212671D00804A88 /* UIView+ZWMBadge.m */,
			);
			path = ZWMSegment;
			sourceTree = "<group>";
		};
		BFBE00CA21F021DE00927A1E = {
			isa = PBXGroup;
			children = (
				BFBE00D521F021DE00927A1E /* demo */,
				BFBE00EE21F021E100927A1E /* demoTests */,
				BFBE00F921F021E100927A1E /* demoUITests */,
				BFBE00D421F021DE00927A1E /* Products */,
			);
			sourceTree = "<group>";
		};
		BFBE00D421F021DE00927A1E /* Products */ = {
			isa = PBXGroup;
			children = (
				BFBE00D321F021DE00927A1E /* demo.app */,
				BFBE00EB21F021E100927A1E /* demoTests.xctest */,
				BFBE00F621F021E100927A1E /* demoUITests.xctest */,
			);
			name = Products;
			sourceTree = "<group>";
		};
		BFBE00D521F021DE00927A1E /* demo */ = {
			isa = PBXGroup;
			children = (
				BF53C810221255EF00804A88 /* PageController */,
				BFBE014621F0609E00927A1E /* PickerView */,
				BFBE00D621F021DE00927A1E /* AppDelegate.h */,
				BFBE00D721F021DE00927A1E /* AppDelegate.m */,
				BFBE00D921F021DE00927A1E /* ViewController.h */,
				BFBE00DA21F021DE00927A1E /* ViewController.m */,
				BFBE00DC21F021DE00927A1E /* Main.storyboard */,
				BFBE00DF21F021E000927A1E /* Assets.xcassets */,
				BFBE00E121F021E000927A1E /* LaunchScreen.storyboard */,
				BFBE00E421F021E000927A1E /* Info.plist */,
				BFBE00E521F021E000927A1E /* main.m */,
			);
			path = demo;
			sourceTree = "<group>";
		};
		BFBE00EE21F021E100927A1E /* demoTests */ = {
			isa = PBXGroup;
			children = (
				BFBE00EF21F021E100927A1E /* demoTests.m */,
				BFBE00F121F021E100927A1E /* Info.plist */,
			);
			path = demoTests;
			sourceTree = "<group>";
		};
		BFBE00F921F021E100927A1E /* demoUITests */ = {
			isa = PBXGroup;
			children = (
				BFBE00FA21F021E100927A1E /* demoUITests.m */,
				BFBE00FC21F021E100927A1E /* Info.plist */,
			);
			path = demoUITests;
			sourceTree = "<group>";
		};
		BFBE014621F0609E00927A1E /* PickerView */ = {
			isa = PBXGroup;
			children = (
				BFBE014B21F0644800927A1E /* PickerViewController.h */,
				BFBE014C21F0644800927A1E /* PickerViewController.m */,
				BFBE014721F0632700927A1E /* TimeSelector */,
			);
			path = PickerView;
			sourceTree = "<group>";
		};
		BFBE014721F0632700927A1E /* TimeSelector */ = {
			isa = PBXGroup;
			children = (
				BFBE014821F0636200927A1E /* TimeSelecterController.h */,
				BFBE014921F0636200927A1E /* TimeSelecterController.m */,
			);
			path = TimeSelector;
			sourceTree = "<group>";
		};
/* End PBXGroup section */

/* Begin PBXNativeTarget section */
		BFBE00D221F021DE00927A1E /* demo */ = {
			isa = PBXNativeTarget;
			buildConfigurationList = BFBE00FF21F021E100927A1E /* Build configuration list for PBXNativeTarget "demo" */;
			buildPhases = (
				BFBE00CF21F021DE00927A1E /* Sources */,
				BFBE00D021F021DE00927A1E /* Frameworks */,
				BFBE00D121F021DE00927A1E /* Resources */,
			);
			buildRules = (
			);
			dependencies = (
			);
			name = demo;
			productName = demo;
			productReference = BFBE00D321F021DE00927A1E /* demo.app */;
			productType = "com.apple.product-type.application";
		};
		BFBE00EA21F021E100927A1E /* demoTests */ = {
			isa = PBXNativeTarget;
			buildConfigurationList = BFBE010221F021E100927A1E /* Build configuration list for PBXNativeTarget "demoTests" */;
			buildPhases = (
				BFBE00E721F021E100927A1E /* Sources */,
				BFBE00E821F021E100927A1E /* Frameworks */,
				BFBE00E921F021E100927A1E /* Resources */,
			);
			buildRules = (
			);
			dependencies = (
				BFBE00ED21F021E100927A1E /* PBXTargetDependency */,
			);
			name = demoTests;
			productName = demoTests;
			productReference = BFBE00EB21F021E100927A1E /* demoTests.xctest */;
			productType = "com.apple.product-type.bundle.unit-test";
		};
		BFBE00F521F021E100927A1E /* demoUITests */ = {
			isa = PBXNativeTarget;
			buildConfigurationList = BFBE010521F021E100927A1E /* Build configuration list for PBXNativeTarget "demoUITests" */;
			buildPhases = (
				BFBE00F221F021E100927A1E /* Sources */,
				BFBE00F321F021E100927A1E /* Frameworks */,
				BFBE00F421F021E100927A1E /* Resources */,
			);
			buildRules = (
			);
			dependencies = (
				BFBE00F821F021E100927A1E /* PBXTargetDependency */,
			);
			name = demoUITests;
			productName = demoUITests;
			productReference = BFBE00F621F021E100927A1E /* demoUITests.xctest */;
			productType = "com.apple.product-type.bundle.ui-testing";
		};
/* End PBXNativeTarget section */

/* Begin PBXProject section */
		BFBE00CB21F021DE00927A1E /* Project object */ = {
			isa = PBXProject;
			attributes = {
				LastUpgradeCheck = 1000;
				ORGANIZATIONNAME = "李皓白";
				TargetAttributes = {
					BFBE00D221F021DE00927A1E = {
						CreatedOnToolsVersion = 10.0;
					};
					BFBE00EA21F021E100927A1E = {
						CreatedOnToolsVersion = 10.0;
						TestTargetID = BFBE00D221F021DE00927A1E;
					};
					BFBE00F521F021E100927A1E = {
						CreatedOnToolsVersion = 10.0;
						TestTargetID = BFBE00D221F021DE00927A1E;
					};
				};
			};
			buildConfigurationList = BFBE00CE21F021DE00927A1E /* Build configuration list for PBXProject "demo" */;
			compatibilityVersion = "Xcode 9.3";
			developmentRegion = en;
			hasScannedForEncodings = 0;
			knownRegions = (
				en,
				Base,
			);
			mainGroup = BFBE00CA21F021DE00927A1E;
			productRefGroup = BFBE00D421F021DE00927A1E /* Products */;
			projectDirPath = "";
			projectRoot = "";
			targets = (
				BFBE00D221F021DE00927A1E /* demo */,
				BFBE00EA21F021E100927A1E /* demoTests */,
				BFBE00F521F021E100927A1E /* demoUITests */,
			);
		};
/* End PBXProject section */

/* Begin PBXResourcesBuildPhase section */
		BFBE00D121F021DE00927A1E /* Resources */ = {
			isa = PBXResourcesBuildPhase;
			buildActionMask = 2147483647;
			files = (
				BFBE00E321F021E000927A1E /* LaunchScreen.storyboard in Resources */,
				BFBE00E021F021E000927A1E /* Assets.xcassets in Resources */,
				BFBE00DE21F021DE00927A1E /* Main.storyboard in Resources */,
			);
			runOnlyForDeploymentPostprocessing = 0;
		};
		BFBE00E921F021E100927A1E /* Resources */ = {
			isa = PBXResourcesBuildPhase;
			buildActionMask = 2147483647;
			files = (
			);
			runOnlyForDeploymentPostprocessing = 0;
		};
		BFBE00F421F021E100927A1E /* Resources */ = {
			isa = PBXResourcesBuildPhase;
			buildActionMask = 2147483647;
			files = (
			);
			runOnlyForDeploymentPostprocessing = 0;
		};
/* End PBXResourcesBuildPhase section */

/* Begin PBXSourcesBuildPhase section */
		BFBE00CF21F021DE00927A1E /* Sources */ = {
			isa = PBXSourcesBuildPhase;
			buildActionMask = 2147483647;
			files = (
				BFBE00DB21F021DE00927A1E /* ViewController.m in Sources */,
				BFBE014A21F0636200927A1E /* TimeSelecterController.m in Sources */,
				BF53C824221259B100804A88 /* PageFirstViewController.m in Sources */,
				BF53C8362212671D00804A88 /* ZWMSegmentView.m in Sources */,
				BF53C8172212588200804A88 /* PageContorlController.m in Sources */,
				BF53C82D22125A4400804A88 /* PageThirdViewController.m in Sources */,
				BF53C82A221259F700804A88 /* PageSecondViewController.m in Sources */,
				BFBE014D21F0644800927A1E /* PickerViewController.m in Sources */,
				BFBE00E621F021E000927A1E /* main.m in Sources */,
				BFBE00D821F021DE00927A1E /* AppDelegate.m in Sources */,
				BF53C8372212671D00804A88 /* UIView+ZWMBadge.m in Sources */,
				BF53C8352212671D00804A88 /* ZWMSegmentController.m in Sources */,
				BF53C813221256EE00804A88 /* PageControllerViewController.m in Sources */,
			);
			runOnlyForDeploymentPostprocessing = 0;
		};
		BFBE00E721F021E100927A1E /* Sources */ = {
			isa = PBXSourcesBuildPhase;
			buildActionMask = 2147483647;
			files = (
				BFBE00F021F021E100927A1E /* demoTests.m in Sources */,
			);
			runOnlyForDeploymentPostprocessing = 0;
		};
		BFBE00F221F021E100927A1E /* Sources */ = {
			isa = PBXSourcesBuildPhase;
			buildActionMask = 2147483647;
			files = (
				BFBE00FB21F021E100927A1E /* demoUITests.m in Sources */,
			);
			runOnlyForDeploymentPostprocessing = 0;
		};
/* End PBXSourcesBuildPhase section */

/* Begin PBXTargetDependency section */
		BFBE00ED21F021E100927A1E /* PBXTargetDependency */ = {
			isa = PBXTargetDependency;
			target = BFBE00D221F021DE00927A1E /* demo */;
			targetProxy = BFBE00EC21F021E100927A1E /* PBXContainerItemProxy */;
		};
		BFBE00F821F021E100927A1E /* PBXTargetDependency */ = {
			isa = PBXTargetDependency;
			target = BFBE00D221F021DE00927A1E /* demo */;
			targetProxy = BFBE00F721F021E100927A1E /* PBXContainerItemProxy */;
		};
/* End PBXTargetDependency section */

/* Begin PBXVariantGroup section */
		BFBE00DC21F021DE00927A1E /* Main.storyboard */ = {
			isa = PBXVariantGroup;
			children = (
				BFBE00DD21F021DE00927A1E /* Base */,
			);
			name = Main.storyboard;
			sourceTree = "<group>";
		};
		BFBE00E121F021E000927A1E /* LaunchScreen.storyboard */ = {
			isa = PBXVariantGroup;
			children = (
				BFBE00E221F021E000927A1E /* Base */,
			);
			name = LaunchScreen.storyboard;
			sourceTree = "<group>";
		};
/* End PBXVariantGroup section */

/* Begin XCBuildConfiguration section */
		BFBE00FD21F021E100927A1E /* Debug */ = {
			isa = XCBuildConfiguration;
			buildSettings = {
				ALWAYS_SEARCH_USER_PATHS = NO;
				CLANG_ANALYZER_NONNULL = YES;
				CLANG_ANALYZER_NUMBER_OBJECT_CONVERSION = YES_AGGRESSIVE;
				CLANG_CXX_LANGUAGE_STANDARD = "gnu++14";
				CLANG_CXX_LIBRARY = "libc++";
				CLANG_ENABLE_MODULES = YES;
				CLANG_ENABLE_OBJC_ARC = YES;
				CLANG_ENABLE_OBJC_WEAK = YES;
				CLANG_WARN_BLOCK_CAPTURE_AUTORELEASING = YES;
				CLANG_WARN_BOOL_CONVERSION = YES;
				CLANG_WARN_COMMA = YES;
				CLANG_WARN_CONSTANT_CONVERSION = YES;
				CLANG_WARN_DEPRECATED_OBJC_IMPLEMENTATIONS = YES;
				CLANG_WARN_DIRECT_OBJC_ISA_USAGE = YES_ERROR;
				CLANG_WARN_DOCUMENTATION_COMMENTS = YES;
				CLANG_WARN_EMPTY_BODY = YES;
				CLANG_WARN_ENUM_CONVERSION = YES;
				CLANG_WARN_INFINITE_RECURSION = YES;
				CLANG_WARN_INT_CONVERSION = YES;
				CLANG_WARN_NON_LITERAL_NULL_CONVERSION = YES;
				CLANG_WARN_OBJC_IMPLICIT_RETAIN_SELF = YES;
				CLANG_WARN_OBJC_LITERAL_CONVERSION = YES;
				CLANG_WARN_OBJC_ROOT_CLASS = YES_ERROR;
				CLANG_WARN_RANGE_LOOP_ANALYSIS = YES;
				CLANG_WARN_STRICT_PROTOTYPES = YES;
				CLANG_WARN_SUSPICIOUS_MOVE = YES;
				CLANG_WARN_UNGUARDED_AVAILABILITY = YES_AGGRESSIVE;
				CLANG_WARN_UNREACHABLE_CODE = YES;
				CLANG_WARN__DUPLICATE_METHOD_MATCH = YES;
				CODE_SIGN_IDENTITY = "iPhone Developer";
				COPY_PHASE_STRIP = NO;
				DEBUG_INFORMATION_FORMAT = dwarf;
				ENABLE_STRICT_OBJC_MSGSEND = YES;
				ENABLE_TESTABILITY = YES;
				GCC_C_LANGUAGE_STANDARD = gnu11;
				GCC_DYNAMIC_NO_PIC = NO;
				GCC_NO_COMMON_BLOCKS = YES;
				GCC_OPTIMIZATION_LEVEL = 0;
				GCC_PREPROCESSOR_DEFINITIONS = (
					"DEBUG=1",
					"$(inherited)",
				);
				GCC_WARN_64_TO_32_BIT_CONVERSION = YES;
				GCC_WARN_ABOUT_RETURN_TYPE = YES_ERROR;
				GCC_WARN_UNDECLARED_SELECTOR = YES;
				GCC_WARN_UNINITIALIZED_AUTOS = YES_AGGRESSIVE;
				GCC_WARN_UNUSED_FUNCTION = YES;
				GCC_WARN_UNUSED_VARIABLE = YES;
				IPHONEOS_DEPLOYMENT_TARGET = 12.0;
				MTL_ENABLE_DEBUG_INFO = INCLUDE_SOURCE;
				MTL_FAST_MATH = YES;
				ONLY_ACTIVE_ARCH = YES;
				SDKROOT = iphoneos;
			};
			name = Debug;
		};
		BFBE00FE21F021E100927A1E /* Release */ = {
			isa = XCBuildConfiguration;
			buildSettings = {
				ALWAYS_SEARCH_USER_PATHS = NO;
				CLANG_ANALYZER_NONNULL = YES;
				CLANG_ANALYZER_NUMBER_OBJECT_CONVERSION = YES_AGGRESSIVE;
				CLANG_CXX_LANGUAGE_STANDARD = "gnu++14";
				CLANG_CXX_LIBRARY = "libc++";
				CLANG_ENABLE_MODULES = YES;
				CLANG_ENABLE_OBJC_ARC = YES;
				CLANG_ENABLE_OBJC_WEAK = YES;
				CLANG_WARN_BLOCK_CAPTURE_AUTORELEASING = YES;
				CLANG_WARN_BOOL_CONVERSION = YES;
				CLANG_WARN_COMMA = YES;
				CLANG_WARN_CONSTANT_CONVERSION = YES;
				CLANG_WARN_DEPRECATED_OBJC_IMPLEMENTATIONS = YES;
				CLANG_WARN_DIRECT_OBJC_ISA_USAGE = YES_ERROR;
				CLANG_WARN_DOCUMENTATION_COMMENTS = YES;
				CLANG_WARN_EMPTY_BODY = YES;
				CLANG_WARN_ENUM_CONVERSION = YES;
				CLANG_WARN_INFINITE_RECURSION = YES;
				CLANG_WARN_INT_CONVERSION = YES;
				CLANG_WARN_NON_LITERAL_NULL_CONVERSION = YES;
				CLANG_WARN_OBJC_IMPLICIT_RETAIN_SELF = YES;
				CLANG_WARN_OBJC_LITERAL_CONVERSION = YES;
				CLANG_WARN_OBJC_ROOT_CLASS = YES_ERROR;
				CLANG_WARN_RANGE_LOOP_ANALYSIS = YES;
				CLANG_WARN_STRICT_PROTOTYPES = YES;
				CLANG_WARN_SUSPICIOUS_MOVE = YES;
				CLANG_WARN_UNGUARDED_AVAILABILITY = YES_AGGRESSIVE;
				CLANG_WARN_UNREACHABLE_CODE = YES;
				CLANG_WARN__DUPLICATE_METHOD_MATCH = YES;
				CODE_SIGN_IDENTITY = "iPhone Developer";
				COPY_PHASE_STRIP = NO;
				DEBUG_INFORMATION_FORMAT = "dwarf-with-dsym";
				ENABLE_NS_ASSERTIONS = NO;
				ENABLE_STRICT_OBJC_MSGSEND = YES;
				GCC_C_LANGUAGE_STANDARD = gnu11;
				GCC_NO_COMMON_BLOCKS = YES;
				GCC_WARN_64_TO_32_BIT_CONVERSION = YES;
				GCC_WARN_ABOUT_RETURN_TYPE = YES_ERROR;
				GCC_WARN_UNDECLARED_SELECTOR = YES;
				GCC_WARN_UNINITIALIZED_AUTOS = YES_AGGRESSIVE;
				GCC_WARN_UNUSED_FUNCTION = YES;
				GCC_WARN_UNUSED_VARIABLE = YES;
				IPHONEOS_DEPLOYMENT_TARGET = 12.0;
				MTL_ENABLE_DEBUG_INFO = NO;
				MTL_FAST_MATH = YES;
				SDKROOT = iphoneos;
				VALIDATE_PRODUCT = YES;
			};
			name = Release;
		};
		BFBE010021F021E100927A1E /* Debug */ = {
			isa = XCBuildConfiguration;
			buildSettings = {
				ASSETCATALOG_COMPILER_APPICON_NAME = AppIcon;
				CODE_SIGN_STYLE = Automatic;
				DEVELOPMENT_TEAM = 7VADTMAPZN;
				INFOPLIST_FILE = demo/Info.plist;
				LD_RUNPATH_SEARCH_PATHS = (
					"$(inherited)",
					"@executable_path/Frameworks",
				);
				PRODUCT_BUNDLE_IDENTIFIER = puQu.demo;
				PRODUCT_NAME = "$(TARGET_NAME)";
				TARGETED_DEVICE_FAMILY = "1,2";
			};
			name = Debug;
		};
		BFBE010121F021E100927A1E /* Release */ = {
			isa = XCBuildConfiguration;
			buildSettings = {
				ASSETCATALOG_COMPILER_APPICON_NAME = AppIcon;
				CODE_SIGN_STYLE = Automatic;
				DEVELOPMENT_TEAM = 7VADTMAPZN;
				INFOPLIST_FILE = demo/Info.plist;
				LD_RUNPATH_SEARCH_PATHS = (
					"$(inherited)",
					"@executable_path/Frameworks",
				);
				PRODUCT_BUNDLE_IDENTIFIER = puQu.demo;
				PRODUCT_NAME = "$(TARGET_NAME)";
				TARGETED_DEVICE_FAMILY = "1,2";
			};
			name = Release;
		};
		BFBE010321F021E100927A1E /* Debug */ = {
			isa = XCBuildConfiguration;
			buildSettings = {
				BUNDLE_LOADER = "$(TEST_HOST)";
				CODE_SIGN_STYLE = Automatic;
				DEVELOPMENT_TEAM = 7VADTMAPZN;
				INFOPLIST_FILE = demoTests/Info.plist;
				LD_RUNPATH_SEARCH_PATHS = (
					"$(inherited)",
					"@executable_path/Frameworks",
					"@loader_path/Frameworks",
				);
				PRODUCT_BUNDLE_IDENTIFIER = puQu.demoTests;
				PRODUCT_NAME = "$(TARGET_NAME)";
				TARGETED_DEVICE_FAMILY = "1,2";
				TEST_HOST = "$(BUILT_PRODUCTS_DIR)/demo.app/demo";
			};
			name = Debug;
		};
		BFBE010421F021E100927A1E /* Release */ = {
			isa = XCBuildConfiguration;
			buildSettings = {
				BUNDLE_LOADER = "$(TEST_HOST)";
				CODE_SIGN_STYLE = Automatic;
				DEVELOPMENT_TEAM = 7VADTMAPZN;
				INFOPLIST_FILE = demoTests/Info.plist;
				LD_RUNPATH_SEARCH_PATHS = (
					"$(inherited)",
					"@executable_path/Frameworks",
					"@loader_path/Frameworks",
				);
				PRODUCT_BUNDLE_IDENTIFIER = puQu.demoTests;
				PRODUCT_NAME = "$(TARGET_NAME)";
				TARGETED_DEVICE_FAMILY = "1,2";
				TEST_HOST = "$(BUILT_PRODUCTS_DIR)/demo.app/demo";
			};
			name = Release;
		};
		BFBE010621F021E100927A1E /* Debug */ = {
			isa = XCBuildConfiguration;
			buildSettings = {
				CODE_SIGN_STYLE = Automatic;
				DEVELOPMENT_TEAM = 7VADTMAPZN;
				INFOPLIST_FILE = demoUITests/Info.plist;
				LD_RUNPATH_SEARCH_PATHS = (
					"$(inherited)",
					"@executable_path/Frameworks",
					"@loader_path/Frameworks",
				);
				PRODUCT_BUNDLE_IDENTIFIER = puQu.demoUITests;
				PRODUCT_NAME = "$(TARGET_NAME)";
				TARGETED_DEVICE_FAMILY = "1,2";
				TEST_TARGET_NAME = demo;
			};
			name = Debug;
		};
		BFBE010721F021E100927A1E /* Release */ = {
			isa = XCBuildConfiguration;
			buildSettings = {
				CODE_SIGN_STYLE = Automatic;
				DEVELOPMENT_TEAM = 7VADTMAPZN;
				INFOPLIST_FILE = demoUITests/Info.plist;
				LD_RUNPATH_SEARCH_PATHS = (
					"$(inherited)",
					"@executable_path/Frameworks",
					"@loader_path/Frameworks",
				);
				PRODUCT_BUNDLE_IDENTIFIER = puQu.demoUITests;
				PRODUCT_NAME = "$(TARGET_NAME)";
				TARGETED_DEVICE_FAMILY = "1,2";
				TEST_TARGET_NAME = demo;
			};
			name = Release;
		};
/* End XCBuildConfiguration section */

/* Begin XCConfigurationList section */
		BFBE00CE21F021DE00927A1E /* Build configuration list for PBXProject "demo" */ = {
			isa = XCConfigurationList;
			buildConfigurations = (
				BFBE00FD21F021E100927A1E /* Debug */,
				BFBE00FE21F021E100927A1E /* Release */,
			);
			defaultConfigurationIsVisible = 0;
			defaultConfigurationName = Release;
		};
		BFBE00FF21F021E100927A1E /* Build configuration list for PBXNativeTarget "demo" */ = {
			isa = XCConfigurationList;
			buildConfigurations = (
				BFBE010021F021E100927A1E /* Debug */,
				BFBE010121F021E100927A1E /* Release */,
			);
			defaultConfigurationIsVisible = 0;
			defaultConfigurationName = Release;
		};
		BFBE010221F021E100927A1E /* Build configuration list for PBXNativeTarget "demoTests" */ = {
			isa = XCConfigurationList;
			buildConfigurations = (
				BFBE010321F021E100927A1E /* Debug */,
				BFBE010421F021E100927A1E /* Release */,
			);
			defaultConfigurationIsVisible = 0;
			defaultConfigurationName = Release;
		};
		BFBE010521F021E100927A1E /* Build configuration list for PBXNativeTarget "demoUITests" */ = {
			isa = XCConfigurationList;
			buildConfigurations = (
				BFBE010621F021E100927A1E /* Debug */,
				BFBE010721F021E100927A1E /* Release */,
			);
			defaultConfigurationIsVisible = 0;
			defaultConfigurationName = Release;
		};
/* End XCConfigurationList section */
	};
	rootObject = BFBE00CB21F021DE00927A1E /* Project object */;
}
